// !$*UTF8*$!
{
	archiveVersion = 1;
	classes = {
	};
	objectVersion = 56;
	objects = {

/* Begin PBXBuildFile section */
		F5313D3C298ACC76004A6125 /* AppDelegate.swift in Sources */ = {isa = PBXBuildFile; fileRef = F5313D3B298ACC76004A6125 /* AppDelegate.swift */; };
		F5313D3E298ACC76004A6125 /* SceneDelegate.swift in Sources */ = {isa = PBXBuildFile; fileRef = F5313D3D298ACC76004A6125 /* SceneDelegate.swift */; };
		F5313D40298ACC76004A6125 /* ViewController.swift in Sources */ = {isa = PBXBuildFile; fileRef = F5313D3F298ACC76004A6125 /* ViewController.swift */; };
		F5313D43298ACC76004A6125 /* Main.storyboard in Resources */ = {isa = PBXBuildFile; fileRef = F5313D41298ACC76004A6125 /* Main.storyboard */; };
		F5313D45298ACC78004A6125 /* Assets.xcassets in Resources */ = {isa = PBXBuildFile; fileRef = F5313D44298ACC78004A6125 /* Assets.xcassets */; };
		F5313D48298ACC78004A6125 /* LaunchScreen.storyboard in Resources */ = {isa = PBXBuildFile; fileRef = F5313D46298ACC78004A6125 /* LaunchScreen.storyboard */; };
		F544A35C2992293500A4A2A3 /* Constants.swift in Sources */ = {isa = PBXBuildFile; fileRef = F544A35B2992293500A4A2A3 /* Constants.swift */; };
		F56835F82991530E001F1D24 /* CalculatorBrain.swift in Sources */ = {isa = PBXBuildFile; fileRef = F56835F72991530E001F1D24 /* CalculatorBrain.swift */; };
/* End PBXBuildFile section */

/* Begin PBXFileReference section */
		F5313D38298ACC76004A6125 /* TheCalculatorApp.app */ = {isa = PBXFileReference; explicitFileType = wrapper.application; includeInIndex = 0; path = TheCalculatorApp.app; sourceTree = BUILT_PRODUCTS_DIR; };
		F5313D3B298ACC76004A6125 /* AppDelegate.swift */ = {isa = PBXFileReference; lastKnownFileType = sourcecode.swift; path = AppDelegate.swift; sourceTree = "<group>"; };
		F5313D3D298ACC76004A6125 /* SceneDelegate.swift */ = {isa = PBXFileReference; lastKnownFileType = sourcecode.swift; path = SceneDelegate.swift; sourceTree = "<group>"; };
		F5313D3F298ACC76004A6125 /* ViewController.swift */ = {isa = PBXFileReference; lastKnownFileType = sourcecode.swift; path = ViewController.swift; sourceTree = "<group>"; };
		F5313D42298ACC76004A6125 /* Base */ = {isa = PBXFileReference; lastKnownFileType = file.storyboard; name = Base; path = Base.lproj/Main.storyboard; sourceTree = "<group>"; };
		F5313D44298ACC78004A6125 /* Assets.xcassets */ = {isa = PBXFileReference; lastKnownFileType = folder.assetcatalog; path = Assets.xcassets; sourceTree = "<group>"; };
		F5313D47298ACC78004A6125 /* Base */ = {isa = PBXFileReference; lastKnownFileType = file.storyboard; name = Base; path = Base.lproj/LaunchScreen.storyboard; sourceTree = "<group>"; };
		F5313D49298ACC78004A6125 /* Info.plist */ = {isa = PBXFileReference; lastKnownFileType = text.plist.xml; path = Info.plist; sourceTree = "<group>"; };
		F544A35B2992293500A4A2A3 /* Constants.swift */ = {isa = PBXFileReference; lastKnownFileType = sourcecode.swift; path = Constants.swift; sourceTree = "<group>"; };
		F56835F72991530E001F1D24 /* CalculatorBrain.swift */ = {isa = PBXFileReference; lastKnownFileType = sourcecode.swift; path = CalculatorBrain.swift; sourceTree = "<group>"; };
/* End PBXFileReference section */

/* Begin PBXFrameworksBuildPhase section */
		F5313D35298ACC76004A6125 /* Frameworks */ = {
			isa = PBXFrameworksBuildPhase;
			buildActionMask = 2147483647;
			files = (
			);
			runOnlyForDeploymentPostprocessing = 0;
		};
/* End PBXFrameworksBuildPhase section */

/* Begin PBXGroup section */
		F5313D2F298ACC76004A6125 = {
			isa = PBXGroup;
			children = (
				F5313D3A298ACC76004A6125 /* TheCalculatorApp */,
				F5313D39298ACC76004A6125 /* Products */,
			);
			sourceTree = "<group>";
		};
		F5313D39298ACC76004A6125 /* Products */ = {
			isa = PBXGroup;
			children = (
				F5313D38298ACC76004A6125 /* TheCalculatorApp.app */,
			);
			name = Products;
			sourceTree = "<group>";
		};
		F5313D3A298ACC76004A6125 /* TheCalculatorApp */ = {
			isa = PBXGroup;
			children = (
				F5313D4F298ACCAB004A6125 /* App&SceneDelegate */,
				F5313D52298ACCDB004A6125 /* Model */,
				F5313D51298ACCD4004A6125 /* View */,
				F5313D50298ACCC8004A6125 /* Controller */,
				F5313D44298ACC78004A6125 /* Assets.xcassets */,
				F5313D49298ACC78004A6125 /* Info.plist */,
			);
			path = TheCalculatorApp;
			sourceTree = "<group>";
		};
		F5313D4F298ACCAB004A6125 /* App&SceneDelegate */ = {
			isa = PBXGroup;
			children = (
				F5313D3B298ACC76004A6125 /* AppDelegate.swift */,
				F5313D3D298ACC76004A6125 /* SceneDelegate.swift */,
			);
			path = "App&SceneDelegate";
			sourceTree = "<group>";
		};
		F5313D50298ACCC8004A6125 /* Controller */ = {
			isa = PBXGroup;
			children = (
				F5313D3F298ACC76004A6125 /* ViewController.swift */,
			);
			path = Controller;
			sourceTree = "<group>";
		};
		F5313D51298ACCD4004A6125 /* View */ = {
			isa = PBXGroup;
			children = (
				F5313D41298ACC76004A6125 /* Main.storyboard */,
				F5313D46298ACC78004A6125 /* LaunchScreen.storyboard */,
			);
			path = View;
			sourceTree = "<group>";
		};
		F5313D52298ACCDB004A6125 /* Model */ = {
			isa = PBXGroup;
			children = (
				F56835F72991530E001F1D24 /* CalculatorBrain.swift */,
				F544A35B2992293500A4A2A3 /* Constants.swift */,
			);
			path = Model;
			sourceTree = "<group>";
		};
/* End PBXGroup section */

/* Begin PBXNativeTarget section */
		F5313D37298ACC76004A6125 /* TheCalculatorApp */ = {
			isa = PBXNativeTarget;
			buildConfigurationList = F5313D4C298ACC78004A6125 /* Build configuration list for PBXNativeTarget "TheCalculatorApp" */;
			buildPhases = (
				F5313D34298ACC76004A6125 /* Sources */,
				F5313D35298ACC76004A6125 /* Frameworks */,
				F5313D36298ACC76004A6125 /* Resources */,
			);
			buildRules = (
			);
			dependencies = (
			);
			name = TheCalculatorApp;
			productName = TheCalculatorApp;
			productReference = F5313D38298ACC76004A6125 /* TheCalculatorApp.app */;
			productType = "com.apple.product-type.application";
		};
/* End PBXNativeTarget section */

/* Begin PBXProject section */
		F5313D30298ACC76004A6125 /* Project object */ = {
			isa = PBXProject;
			attributes = {
				BuildIndependentTargetsInParallel = 1;
				LastSwiftUpdateCheck = 1420;
				LastUpgradeCheck = 1420;
				TargetAttributes = {
					F5313D37298ACC76004A6125 = {
						CreatedOnToolsVersion = 14.2;
					};
				};
			};
			buildConfigurationList = F5313D33298ACC76004A6125 /* Build configuration list for PBXProject "TheCalculatorApp" */;
			compatibilityVersion = "Xcode 14.0";
			developmentRegion = en;
			hasScannedForEncodings = 0;
			knownRegions = (
				en,
				Base,
			);
			mainGroup = F5313D2F298ACC76004A6125;
			productRefGroup = F5313D39298ACC76004A6125 /* Products */;
			projectDirPath = "";
			projectRoot = "";
			targets = (
				F5313D37298ACC76004A6125 /* TheCalculatorApp */,
			);
		};
/* End PBXProject section */

/* Begin PBXResourcesBuildPhase section */
		F5313D36298ACC76004A6125 /* Resources */ = {
			isa = PBXResourcesBuildPhase;
			buildActionMask = 2147483647;
			files = (
				F5313D48298ACC78004A6125 /* LaunchScreen.storyboard in Resources */,
				F5313D45298ACC78004A6125 /* Assets.xcassets in Resources */,
				F5313D43298ACC76004A6125 /* Main.storyboard in Resources */,
			);
			runOnlyForDeploymentPostprocessing = 0;
		};
/* End PBXResourcesBuildPhase section */

/* Begin PBXSourcesBuildPhase section */
		F5313D34298ACC76004A6125 /* Sources */ = {
			isa = PBXSourcesBuildPhase;
			buildActionMask = 2147483647;
			files = (
				F544A35C2992293500A4A2A3 /* Constants.swift in Sources */,
				F5313D40298ACC76004A6125 /* ViewController.swift in Sources */,
				F5313D3C298ACC76004A6125 /* AppDelegate.swift in Sources */,
				F56835F82991530E001F1D24 /* CalculatorBrain.swift in Sources */,
				F5313D3E298ACC76004A6125 /* SceneDelegate.swift in Sources */,
			);
			runOnlyForDeploymentPostprocessing = 0;
		};
/* End PBXSourcesBuildPhase section */

/* Begin PBXVariantGroup section */
		F5313D41298ACC76004A6125 /* Main.storyboard */ = {
			isa = PBXVariantGroup;
			children = (
				F5313D42298ACC76004A6125 /* Base */,
			);
			name = Main.storyboard;
			sourceTree = "<group>";
		};
		F5313D46298ACC78004A6125 /* LaunchScreen.storyboard */ = {
			isa = PBXVariantGroup;
			children = (
				F5313D47298ACC78004A6125 /* Base */,
			);
			name = LaunchScreen.storyboard;
			sourceTree = "<group>";
		};
/* End PBXVariantGroup section */

/* Begin XCBuildConfiguration section */
		F5313D4A298ACC78004A6125 /* Debug */ = {
			isa = XCBuildConfiguration;
			buildSettings = {
				ALWAYS_SEARCH_USER_PATHS = NO;
				CLANG_ANALYZER_NONNULL = YES;
				CLANG_ANALYZER_NUMBER_OBJECT_CONVERSION = YES_AGGRESSIVE;
				CLANG_CXX_LANGUAGE_STANDARD = "gnu++20";
				CLANG_ENABLE_MODULES = YES;
				CLANG_ENABLE_OBJC_ARC = YES;
				CLANG_ENABLE_OBJC_WEAK = YES;
				CLANG_WARN_BLOCK_CAPTURE_AUTORELEASING = YES;
				CLANG_WARN_BOOL_CONVERSION = YES;
				CLANG_WARN_COMMA = YES;
				CLANG_WARN_CONSTANT_CONVERSION = YES;
				CLANG_WARN_DEPRECATED_OBJC_IMPLEMENTATIONS = YES;
				CLANG_WARN_DIRECT_OBJC_ISA_USAGE = YES_ERROR;
				CLANG_WARN_DOCUMENTATION_COMMENTS = YES;
				CLANG_WARN_EMPTY_BODY = YES;
				CLANG_WARN_ENUM_CONVERSION = YES;
				CLANG_WARN_INFINITE_RECURSION = YES;
				CLANG_WARN_INT_CONVERSION = YES;
				CLANG_WARN_NON_LITERAL_NULL_CONVERSION = YES;
				CLANG_WARN_OBJC_IMPLICIT_RETAIN_SELF = YES;
				CLANG_WARN_OBJC_LITERAL_CONVERSION = YES;
				CLANG_WARN_OBJC_ROOT_CLASS = YES_ERROR;
				CLANG_WARN_QUOTED_INCLUDE_IN_FRAMEWORK_HEADER = YES;
				CLANG_WARN_RANGE_LOOP_ANALYSIS = YES;
				CLANG_WARN_STRICT_PROTOTYPES = YES;
				CLANG_WARN_SUSPICIOUS_MOVE = YES;
				CLANG_WARN_UNGUARDED_AVAILABILITY = YES_AGGRESSIVE;
				CLANG_WARN_UNREACHABLE_CODE = YES;
				CLANG_WARN__DUPLICATE_METHOD_MATCH = YES;
				COPY_PHASE_STRIP = NO;
				DEBUG_INFORMATION_FORMAT = dwarf;
				ENABLE_STRICT_OBJC_MSGSEND = YES;
				ENABLE_TESTABILITY = YES;
				GCC_C_LANGUAGE_STANDARD = gnu11;
				GCC_DYNAMIC_NO_PIC = NO;
				GCC_NO_COMMON_BLOCKS = YES;
				GCC_OPTIMIZATION_LEVEL = 0;
				GCC_PREPROCESSOR_DEFINITIONS = (
					"DEBUG=1",
					"$(inherited)",
				);
				GCC_WARN_64_TO_32_BIT_CONVERSION = YES;
				GCC_WARN_ABOUT_RETURN_TYPE = YES_ERROR;
				GCC_WARN_UNDECLARED_SELECTOR = YES;
				GCC_WARN_UNINITIALIZED_AUTOS = YES_AGGRESSIVE;
				GCC_WARN_UNUSED_FUNCTION = YES;
				GCC_WARN_UNUSED_VARIABLE = YES;
				IPHONEOS_DEPLOYMENT_TARGET = 16.2;
				MTL_ENABLE_DEBUG_INFO = INCLUDE_SOURCE;
				MTL_FAST_MATH = YES;
				ONLY_ACTIVE_ARCH = YES;
				SDKROOT = iphoneos;
				SWIFT_ACTIVE_COMPILATION_CONDITIONS = DEBUG;
				SWIFT_OPTIMIZATION_LEVEL = "-Onone";
			};
			name = Debug;
		};
		F5313D4B298ACC78004A6125 /* Release */ = {
			isa = XCBuildConfiguration;
			buildSettings = {
				ALWAYS_SEARCH_USER_PATHS = NO;
				CLANG_ANALYZER_NONNULL = YES;
				CLANG_ANALYZER_NUMBER_OBJECT_CONVERSION = YES_AGGRESSIVE;
				CLANG_CXX_LANGUAGE_STANDARD = "gnu++20";
				CLANG_ENABLE_MODULES = YES;
				CLANG_ENABLE_OBJC_ARC = YES;
				CLANG_ENABLE_OBJC_WEAK = YES;
				CLANG_WARN_BLOCK_CAPTURE_AUTORELEASING = YES;
				CLANG_WARN_BOOL_CONVERSION = YES;
				CLANG_WARN_COMMA = YES;
				CLANG_WARN_CONSTANT_CONVERSION = YES;
				CLANG_WARN_DEPRECATED_OBJC_IMPLEMENTATIONS = YES;
				CLANG_WARN_DIRECT_OBJC_ISA_USAGE = YES_ERROR;
				CLANG_WARN_DOCUMENTATION_COMMENTS = YES;
				CLANG_WARN_EMPTY_BODY = YES;
				CLANG_WARN_ENUM_CONVERSION = YES;
				CLANG_WARN_INFINITE_RECURSION = YES;
				CLANG_WARN_INT_CONVERSION = YES;
				CLANG_WARN_NON_LITERAL_NULL_CONVERSION = YES;
				CLANG_WARN_OBJC_IMPLICIT_RETAIN_SELF = YES;
				CLANG_WARN_OBJC_LITERAL_CONVERSION = YES;
				CLANG_WARN_OBJC_ROOT_CLASS = YES_ERROR;
				CLANG_WARN_QUOTED_INCLUDE_IN_FRAMEWORK_HEADER = YES;
				CLANG_WARN_RANGE_LOOP_ANALYSIS = YES;
				CLANG_WARN_STRICT_PROTOTYPES = YES;
				CLANG_WARN_SUSPICIOUS_MOVE = YES;
				CLANG_WARN_UNGUARDED_AVAILABILITY = YES_AGGRESSIVE;
				CLANG_WARN_UNREACHABLE_CODE = YES;
				CLANG_WARN__DUPLICATE_METHOD_MATCH = YES;
				COPY_PHASE_STRIP = NO;
				DEBUG_INFORMATION_FORMAT = "dwarf-with-dsym";
				ENABLE_NS_ASSERTIONS = NO;
				ENABLE_STRICT_OBJC_MSGSEND = YES;
				GCC_C_LANGUAGE_STANDARD = gnu11;
				GCC_NO_COMMON_BLOCKS = YES;
				GCC_WARN_64_TO_32_BIT_CONVERSION = YES;
				GCC_WARN_ABOUT_RETURN_TYPE = YES_ERROR;
				GCC_WARN_UNDECLARED_SELECTOR = YES;
				GCC_WARN_UNINITIALIZED_AUTOS = YES_AGGRESSIVE;
				GCC_WARN_UNUSED_FUNCTION = YES;
				GCC_WARN_UNUSED_VARIABLE = YES;
				IPHONEOS_DEPLOYMENT_TARGET = 16.2;
				MTL_ENABLE_DEBUG_INFO = NO;
				MTL_FAST_MATH = YES;
				SDKROOT = iphoneos;
				SWIFT_COMPILATION_MODE = wholemodule;
				SWIFT_OPTIMIZATION_LEVEL = "-O";
				VALIDATE_PRODUCT = YES;
			};
			name = Release;
		};
		F5313D4D298ACC78004A6125 /* Debug */ = {
			isa = XCBuildConfiguration;
			buildSettings = {
				ASSETCATALOG_COMPILER_APPICON_NAME = AppIcon;
				ASSETCATALOG_COMPILER_GLOBAL_ACCENT_COLOR_NAME = AccentColor;
				CODE_SIGN_STYLE = Automatic;
				CURRENT_PROJECT_VERSION = 1;
				DEVELOPMENT_TEAM = 59SJ7JX34R;
				GENERATE_INFOPLIST_FILE = YES;
				INFOPLIST_FILE = TheCalculatorApp/Info.plist;
				INFOPLIST_KEY_UIApplicationSupportsIndirectInputEvents = YES;
				INFOPLIST_KEY_UILaunchStoryboardName = LaunchScreen;
				INFOPLIST_KEY_UIMainStoryboardFile = Main;
				INFOPLIST_KEY_UISupportedInterfaceOrientations_iPad = "UIInterfaceOrientationPortrait UIInterfaceOrientationPortraitUpsideDown UIInterfaceOrientationLandscapeLeft UIInterfaceOrientationLandscapeRight";
				INFOPLIST_KEY_UISupportedInterfaceOrientations_iPhone = "UIInterfaceOrientationPortrait UIInterfaceOrientationLandscapeLeft UIInterfaceOrientationLandscapeRight";
				LD_RUNPATH_SEARCH_PATHS = (
					"$(inherited)",
					"@executable_path/Frameworks",
				);
				MARKETING_VERSION = 1.0;
				PRODUCT_BUNDLE_IDENTIFIER = com.wyne.TheCalculatorApp;
				PRODUCT_NAME = "$(TARGET_NAME)";
				SWIFT_EMIT_LOC_STRINGS = YES;
				SWIFT_VERSION = 5.0;
				TARGETED_DEVICE_FAMILY = "1,2";
			};
			name = Debug;
		};
		F5313D4E298ACC78004A6125 /* Release */ = {
			isa = XCBuildConfiguration;
			buildSettings = {
				ASSETCATALOG_COMPILER_APPICON_NAME = AppIcon;
				ASSETCATALOG_COMPILER_GLOBAL_ACCENT_COLOR_NAME = AccentColor;
				CODE_SIGN_STYLE = Automatic;
				CURRENT_PROJECT_VERSION = 1;
				DEVELOPMENT_TEAM = 59SJ7JX34R;
				GENERATE_INFOPLIST_FILE = YES;
				INFOPLIST_FILE = TheCalculatorApp/Info.plist;
				INFOPLIST_KEY_UIApplicationSupportsIndirectInputEvents = YES;
				INFOPLIST_KEY_UILaunchStoryboardName = LaunchScreen;
				INFOPLIST_KEY_UIMainStoryboardFile = Main;
				INFOPLIST_KEY_UISupportedInterfaceOrientations_iPad = "UIInterfaceOrientationPortrait UIInterfaceOrientationPortraitUpsideDown UIInterfaceOrientationLandscapeLeft UIInterfaceOrientationLandscapeRight";
				INFOPLIST_KEY_UISupportedInterfaceOrientations_iPhone = "UIInterfaceOrientationPortrait UIInterfaceOrientationLandscapeLeft UIInterfaceOrientationLandscapeRight";
				LD_RUNPATH_SEARCH_PATHS = (
					"$(inherited)",
					"@executable_path/Frameworks",
				);
				MARKETING_VERSION = 1.0;
				PRODUCT_BUNDLE_IDENTIFIER = com.wyne.TheCalculatorApp;
				PRODUCT_NAME = "$(TARGET_NAME)";
				SWIFT_EMIT_LOC_STRINGS = YES;
				SWIFT_VERSION = 5.0;
				TARGETED_DEVICE_FAMILY = "1,2";
			};
			name = Release;
		};
/* End XCBuildConfiguration section */

/* Begin XCConfigurationList section */
		F5313D33298ACC76004A6125 /* Build configuration list for PBXProject "TheCalculatorApp" */ = {
			isa = XCConfigurationList;
			buildConfigurations = (
				F5313D4A298ACC78004A6125 /* Debug */,
				F5313D4B298ACC78004A6125 /* Release */,
			);
			defaultConfigurationIsVisible = 0;
			defaultConfigurationName = Release;
		};
		F5313D4C298ACC78004A6125 /* Build configuration list for PBXNativeTarget "TheCalculatorApp" */ = {
			isa = XCConfigurationList;
			buildConfigurations = (
				F5313D4D298ACC78004A6125 /* Debug */,
				F5313D4E298ACC78004A6125 /* Release */,
			);
			defaultConfigurationIsVisible = 0;
			defaultConfigurationName = Release;
		};
/* End XCConfigurationList section */
	};
	rootObject = F5313D30298ACC76004A6125 /* Project object */;
}
